{
  "name": "Site",
  "version": "1.0.0",
  "lockfileVersion": 1,
  "requires": true,
  "dependencies": {
    "carbon-grid": {
      "version": "1.1.2",
      "resolved": "https://registry.npmjs.org/carbon-grid/-/carbon-grid-1.1.2.tgz",
      "integrity": "sha512-IeXbqqAyLO4h8J4SCHzBc9nfAbc0yev8mXzDrOZIrjjXB627Uc19qYMtTDOL7FJCzaRg7JZv15nGaKBAzzTH5A=="
    },
    "elevator.js": {
      "version": "1.0.1",
      "resolved": "https://registry.npmjs.org/elevator.js/-/elevator.js-1.0.1.tgz",
      "integrity": "sha512-3+jUQIrUxDGjhF7cyrxi+NcqaDkYhQ+Y2UfVqozYMLxAY1i9l2ZjLWzPlFMFc4nx3SPYf9EPHEn1zUqpIWlXng=="
    },
    "fontfaceobserver": {
      "version": "2.1.0",
      "resolved": "https://registry.npmjs.org/fontfaceobserver/-/fontfaceobserver-2.1.0.tgz",
      "integrity": "sha512-ReOsO2F66jUa0jmv2nlM/s1MiutJx/srhAe2+TE8dJCMi02ZZOcCTxTCQFr3Yet+uODUtnr4Mewg+tNQ+4V1Ng=="
    },
    "get-youtube-id": {
      "version": "1.0.1",
      "resolved": "https://registry.npmjs.org/get-youtube-id/-/get-youtube-id-1.0.1.tgz",
      "integrity": "sha512-5yidLzoLXbtw82a/Wb7LrajkGn29BM6JuLWeHyNfzOGp1weGyW4+7eMz6cP23+etqj27VlOFtq8fFFDMLq/FXQ=="
    },
    "intersection-observer": {
      "version": "0.5.1",
      "resolved": "https://registry.npmjs.org/intersection-observer/-/intersection-observer-0.5.1.tgz",
      "integrity": "sha512-Zd7Plneq82kiXFixs7bX62YnuZ0BMRci9br7io88LwDyF3V43cQMI+G5IiTlTNTt+LsDUppl19J/M2Fp9UkH6g=="
    },
    "lodash": {
      "version": "4.17.15",
      "resolved": "https://registry.npmjs.org/lodash/-/lodash-4.17.15.tgz",
      "integrity": "sha512-8xOcRHvCjnocdS5cpwXQXVzmmh5e5+saE2QGoeQmbKmRS6J3VQppPOIt0MnmE+4xlZoumy0GPG0D0MVIQbNA1A=="
    },
    "mappet": {
      "version": "4.3.1",
      "resolved": "https://registry.npmjs.org/mappet/-/mappet-4.3.1.tgz",
      "integrity": "sha512-WE23gUXtaiIRR/DLpWiCVAgbulHrvhwx1RKike7CwFz0v2WxwVe2fM7pU7ndI3jPtGCCRupCDUNM+QOmIaopGw==",
      "requires": {
        "lodash": "^4.17.11"
      }
    },
    "nprogress": {
      "version": "0.2.0",
      "resolved": "https://registry.npmjs.org/nprogress/-/nprogress-0.2.0.tgz",
      "integrity": "sha1-y480xTIT2JVyP8urkH6UIq28r7E="
    },
    "time-ago": {
      "version": "0.2.1",
      "resolved": "https://registry.npmjs.org/time-ago/-/time-ago-0.2.1.tgz",
      "integrity": "sha512-fQ3WQ5yPBoNefBgITR+kMnd5aWiKYhBNSgQH3FwpJgDCaVEmju7rWyP+Rk52KyQbRwQEnw3ox2yxcS4yMxgP+g=="
    },
    "vue-announcer": {
      "version": "1.0.4",
      "resolved": "https://registry.npmjs.org/vue-announcer/-/vue-announcer-1.0.4.tgz",
      "integrity": "sha512-5FZVdIMgkuzz9tDPvIgl7znOTfQ++v3lFKRvudUyScfc8Y3RB+74xEb32oGNcfLFROxbgd/hp7fG8zdKspIPNg=="
    },
    "vue-disqus": {
      "version": "3.0.5",
      "resolved": "https://registry.npmjs.org/vue-disqus/-/vue-disqus-3.0.5.tgz",
      "integrity": "sha512-T3Y68lXf5W2lYt6j4Y3kZ4opLPH0EAzqriy11MS4D4Q2+UN0tFuUXeYP1MxfvdyaCEboXSM6CUswxsULuNV70Q=="
    },
    "vue-global-events": {
      "version": "1.1.2",
      "resolved": "https://registry.npmjs.org/vue-global-events/-/vue-global-events-1.1.2.tgz",
      "integrity": "sha512-iZv/IBUNzVkwN+OraP6bxvcy/yld3snrfK8M5np5afAstFEPMj78xj+slereYycNQ7/W+pdYkSDKoK7hjT5BPw=="
    },
    "vuepress-theme-ktquez": {
      "version": "0.2.18",
      "resolved": "https://registry.npmjs.org/vuepress-theme-ktquez/-/vuepress-theme-ktquez-0.2.18.tgz",
      "integrity": "sha512-2y+yCzNtkDTGIFEAuCQbbnaMUSZd2MzIJcXmkj+Eqz9TQPI3siAzibWK94dGti6f0+1Wef6XLZmZQOn0kvi/+A==",
      "requires": {
        "carbon-grid": "^1.1.2",
        "elevator.js": "^1.0.1",
        "fontfaceobserver": "^2.0.13",
        "get-youtube-id": "^1.0.0",
        "intersection-observer": "^0.5.0",
        "mappet": "^4.0.0",
        "nprogress": "^0.2.0",
        "time-ago": "^0.2.1",
        "vue-announcer": "^1.0.2",
        "vue-disqus": "^3.0.4",
        "vue-global-events": "^1.0.3"
      }
    }
  }
}
