{
  "name": "Site",
  "version": "1.0.0",
  "lockfileVersion": 1,
  "requires": true,
  "dependencies": {
    "async-validator": {
      "version": "1.8.5",
      "resolved": "https://registry.npmjs.org/async-validator/-/async-validator-1.8.5.tgz",
      "integrity": "sha512-tXBM+1m056MAX0E8TL2iCjg8WvSyXu0Zc8LNtYqrVeyoL3+esHRZ4SieE9fKQyyU09uONjnMEjrNBMqT0mbvmA==",
      "requires": {
        "babel-runtime": "6.x"
      }
    },
    "babel-helper-vue-jsx-merge-props": {
      "version": "2.0.3",
      "resolved": "https://registry.npmjs.org/babel-helper-vue-jsx-merge-props/-/babel-helper-vue-jsx-merge-props-2.0.3.tgz",
      "integrity": "sha512-gsLiKK7Qrb7zYJNgiXKpXblxbV5ffSwR0f5whkPAaBAR4fhi6bwRZxX9wBlIc5M/v8CCkXUbXZL4N/nSE97cqg=="
    },
    "babel-runtime": {
      "version": "6.26.0",
      "resolved": "https://registry.npmjs.org/babel-runtime/-/babel-runtime-6.26.0.tgz",
      "integrity": "sha1-llxwWGaOgrVde/4E/yM3vItWR/4=",
      "requires": {
        "core-js": "^2.4.0",
        "regenerator-runtime": "^0.11.0"
      }
    },
    "carbon-grid": {
      "version": "1.1.2",
      "resolved": "https://registry.npmjs.org/carbon-grid/-/carbon-grid-1.1.2.tgz",
      "integrity": "sha512-IeXbqqAyLO4h8J4SCHzBc9nfAbc0yev8mXzDrOZIrjjXB627Uc19qYMtTDOL7FJCzaRg7JZv15nGaKBAzzTH5A=="
    },
    "core-js": {
      "version": "2.6.9",
      "resolved": "https://registry.npmjs.org/core-js/-/core-js-2.6.9.tgz",
      "integrity": "sha512-HOpZf6eXmnl7la+cUdMnLvUxKNqLUzJvgIziQ0DiF3JwSImNphIqdGqzj6hIKyX04MmV0poclQ7+wjWvxQyR2A=="
    },
    "deepmerge": {
      "version": "1.5.2",
      "resolved": "https://registry.npmjs.org/deepmerge/-/deepmerge-1.5.2.tgz",
      "integrity": "sha512-95k0GDqvBjZavkuvzx/YqVLv/6YYa17fz6ILMSf7neqQITCPbnfEnQvEgMPNjH4kgobe7+WIL0yJEHku+H3qtQ=="
    },
    "element-ui": {
      "version": "2.11.1",
      "resolved": "https://registry.npmjs.org/element-ui/-/element-ui-2.11.1.tgz",
      "integrity": "sha512-PACNMHPWqm+/Wc2f/q93pLNzbNyVbpMCXCrYe81czengSWj7IBku7F3zccybkxtWn5qdCmMDBCpG5BzGJL4rKA==",
      "requires": {
        "async-validator": "~1.8.1",
        "babel-helper-vue-jsx-merge-props": "^2.0.0",
        "deepmerge": "^1.2.0",
        "normalize-wheel": "^1.0.1",
        "resize-observer-polyfill": "^1.5.0",
        "throttle-debounce": "^1.0.1"
      }
    },
    "elevator.js": {
      "version": "1.0.1",
      "resolved": "https://registry.npmjs.org/elevator.js/-/elevator.js-1.0.1.tgz",
      "integrity": "sha512-3+jUQIrUxDGjhF7cyrxi+NcqaDkYhQ+Y2UfVqozYMLxAY1i9l2ZjLWzPlFMFc4nx3SPYf9EPHEn1zUqpIWlXng=="
    },
    "fontfaceobserver": {
      "version": "2.1.0",
      "resolved": "https://registry.npmjs.org/fontfaceobserver/-/fontfaceobserver-2.1.0.tgz",
      "integrity": "sha512-ReOsO2F66jUa0jmv2nlM/s1MiutJx/srhAe2+TE8dJCMi02ZZOcCTxTCQFr3Yet+uODUtnr4Mewg+tNQ+4V1Ng=="
    },
    "get-youtube-id": {
      "version": "1.0.1",
      "resolved": "https://registry.npmjs.org/get-youtube-id/-/get-youtube-id-1.0.1.tgz",
      "integrity": "sha512-5yidLzoLXbtw82a/Wb7LrajkGn29BM6JuLWeHyNfzOGp1weGyW4+7eMz6cP23+etqj27VlOFtq8fFFDMLq/FXQ=="
    },
    "intersection-observer": {
      "version": "0.5.1",
      "resolved": "https://registry.npmjs.org/intersection-observer/-/intersection-observer-0.5.1.tgz",
      "integrity": "sha512-Zd7Plneq82kiXFixs7bX62YnuZ0BMRci9br7io88LwDyF3V43cQMI+G5IiTlTNTt+LsDUppl19J/M2Fp9UkH6g=="
    },
    "lodash": {
      "version": "4.17.15",
      "resolved": "https://registry.npmjs.org/lodash/-/lodash-4.17.15.tgz",
      "integrity": "sha512-8xOcRHvCjnocdS5cpwXQXVzmmh5e5+saE2QGoeQmbKmRS6J3VQppPOIt0MnmE+4xlZoumy0GPG0D0MVIQbNA1A=="
    },
    "mappet": {
      "version": "4.3.1",
      "resolved": "https://registry.npmjs.org/mappet/-/mappet-4.3.1.tgz",
      "integrity": "sha512-WE23gUXtaiIRR/DLpWiCVAgbulHrvhwx1RKike7CwFz0v2WxwVe2fM7pU7ndI3jPtGCCRupCDUNM+QOmIaopGw==",
      "requires": {
        "lodash": "^4.17.11"
      }
    },
    "normalize-wheel": {
      "version": "1.0.1",
      "resolved": "https://registry.npmjs.org/normalize-wheel/-/normalize-wheel-1.0.1.tgz",
      "integrity": "sha1-rsiGr/2wRQcNhWRH32Ls+GFG7EU="
    },
    "nprogress": {
      "version": "0.2.0",
      "resolved": "https://registry.npmjs.org/nprogress/-/nprogress-0.2.0.tgz",
      "integrity": "sha1-y480xTIT2JVyP8urkH6UIq28r7E="
    },
    "particles.js": {
      "version": "2.0.0",
      "resolved": "https://registry.npmjs.org/particles.js/-/particles.js-2.0.0.tgz",
      "integrity": "sha1-IThsQyjWx/lngKIB6W7t/AnHNvY=",
      "dev": true
    },
    "regenerator-runtime": {
      "version": "0.11.1",
      "resolved": "https://registry.npmjs.org/regenerator-runtime/-/regenerator-runtime-0.11.1.tgz",
      "integrity": "sha512-MguG95oij0fC3QV3URf4V2SDYGJhJnJGqvIIgdECeODCT98wSWDAJ94SSuVpYQUoTcGUIL6L4yNB7j1DFFHSBg=="
    },
    "resize-observer-polyfill": {
      "version": "1.5.1",
      "resolved": "https://registry.npmjs.org/resize-observer-polyfill/-/resize-observer-polyfill-1.5.1.tgz",
      "integrity": "sha512-LwZrotdHOo12nQuZlHEmtuXdqGoOD0OhaxopaNFxWzInpEgaLWoVuAMbTzixuosCx2nEG58ngzW3vxdWoxIgdg=="
    },
    "throttle-debounce": {
      "version": "1.1.0",
      "resolved": "https://registry.npmjs.org/throttle-debounce/-/throttle-debounce-1.1.0.tgz",
      "integrity": "sha512-XH8UiPCQcWNuk2LYePibW/4qL97+ZQ1AN3FNXwZRBNPPowo/NRU5fAlDCSNBJIYCKbioZfuYtMhG4quqoJhVzg=="
    },
    "time-ago": {
      "version": "0.2.1",
      "resolved": "https://registry.npmjs.org/time-ago/-/time-ago-0.2.1.tgz",
      "integrity": "sha512-fQ3WQ5yPBoNefBgITR+kMnd5aWiKYhBNSgQH3FwpJgDCaVEmju7rWyP+Rk52KyQbRwQEnw3ox2yxcS4yMxgP+g=="
    },
    "vue": {
      "version": "2.6.10",
      "resolved": "https://registry.npmjs.org/vue/-/vue-2.6.10.tgz",
      "integrity": "sha512-ImThpeNU9HbdZL3utgMCq0oiMzAkt1mcgy3/E6zWC/G6AaQoeuFdsl9nDhTDU3X1R6FK7nsIUuRACVcjI+A2GQ==",
      "dev": true
    },
    "vue-announcer": {
      "version": "1.0.4",
      "resolved": "https://registry.npmjs.org/vue-announcer/-/vue-announcer-1.0.4.tgz",
      "integrity": "sha512-5FZVdIMgkuzz9tDPvIgl7znOTfQ++v3lFKRvudUyScfc8Y3RB+74xEb32oGNcfLFROxbgd/hp7fG8zdKspIPNg=="
    },
    "vue-disqus": {
      "version": "3.0.5",
      "resolved": "https://registry.npmjs.org/vue-disqus/-/vue-disqus-3.0.5.tgz",
      "integrity": "sha512-T3Y68lXf5W2lYt6j4Y3kZ4opLPH0EAzqriy11MS4D4Q2+UN0tFuUXeYP1MxfvdyaCEboXSM6CUswxsULuNV70Q=="
    },
    "vue-global-events": {
      "version": "1.1.2",
      "resolved": "https://registry.npmjs.org/vue-global-events/-/vue-global-events-1.1.2.tgz",
      "integrity": "sha512-iZv/IBUNzVkwN+OraP6bxvcy/yld3snrfK8M5np5afAstFEPMj78xj+slereYycNQ7/W+pdYkSDKoK7hjT5BPw=="
    },
    "vue-particles": {
      "version": "1.0.9",
      "resolved": "https://registry.npmjs.org/vue-particles/-/vue-particles-1.0.9.tgz",
      "integrity": "sha1-KdnMK+AVffHAqH7DuWyW8zJ5Um4=",
      "dev": true,
      "requires": {
        "particles.js": "^2.0.0",
        "vue": "^2.2.6"
      }
    },
    "vuepress-theme-ktquez": {
      "version": "0.2.18",
      "resolved": "https://registry.npmjs.org/vuepress-theme-ktquez/-/vuepress-theme-ktquez-0.2.18.tgz",
      "integrity": "sha512-2y+yCzNtkDTGIFEAuCQbbnaMUSZd2MzIJcXmkj+Eqz9TQPI3siAzibWK94dGti6f0+1Wef6XLZmZQOn0kvi/+A==",
      "requires": {
        "carbon-grid": "^1.1.2",
        "elevator.js": "^1.0.1",
        "fontfaceobserver": "^2.0.13",
        "get-youtube-id": "^1.0.0",
        "intersection-observer": "^0.5.0",
        "mappet": "^4.0.0",
        "nprogress": "^0.2.0",
        "time-ago": "^0.2.1",
        "vue-announcer": "^1.0.2",
        "vue-disqus": "^3.0.4",
        "vue-global-events": "^1.0.3"
      }
    }
  }
}
